
Microsoft Visual Studio Solution File, Format Version 12.00
# Visual Studio 15
VisualStudioVersion = 15.0.28307.271
MinimumVisualStudioVersion = 10.0.40219.1
Project("{FAE04EC0-301F-11D3-BF4B-00C04F79EFBC}") = "Shop.Common", "Shop.Common\Shop.Common.csproj", "{E5E3269E-2AD8-44BB-B0D3-60FB252A539A}"
EndProject
Project("{2150E333-8FDC-42A3-9474-1A3956D46DE8}") = "BackEnd", "BackEnd", "{E401FECC-0B8D-41AE-AF12-7969DF75789A}"
EndProject
Project("{2150E333-8FDC-42A3-9474-1A3956D46DE8}") = "FrontEnd", "FrontEnd", "{FD678DFD-0AC4-408F-9E0B-B1F577C5015E}"
EndProject
Project("{FAE04EC0-301F-11D3-BF4B-00C04F79EFBC}") = "Shop.Web", "Shop.Web\Shop.Web.csproj", "{7D640787-61F5-4286-8D67-4D219CE7877C}"
EndProject
Project("{FAE04EC0-301F-11D3-BF4B-00C04F79EFBC}") = "Shop.UIForms.Android", "Shop.UIForms\Shop.UIForms.Android\Shop.UIForms.Android.csproj", "{66B11348-B99C-4898-AAAD-1A82574395FE}"
EndProject
Project("{FAE04EC0-301F-11D3-BF4B-00C04F79EFBC}") = "Shop.UIForms.iOS", "Shop.UIForms\Shop.UIForms.iOS\Shop.UIForms.iOS.csproj", "{E716738F-17F6-4C5D-B132-B147BC2C2111}"
EndProject
Project("{FAE04EC0-301F-11D3-BF4B-00C04F79EFBC}") = "Shop.UIForms.UWP", "Shop.UIForms\Shop.UIForms.UWP\Shop.UIForms.UWP.csproj", "{357F86B6-6796-4030-B8F2-F0AB09CD0B8E}"
EndProject
Project("{FAE04EC0-301F-11D3-BF4B-00C04F79EFBC}") = "Shop.UIForms", "Shop.UIForms\Shop.UIForms\Shop.UIForms.csproj", "{29F69F41-97A9-47B4-80F3-23FD96784618}"
EndProject
Global
	GlobalSection(SolutionConfigurationPlatforms) = preSolution
		Ad-Hoc|Any CPU = Ad-Hoc|Any CPU
		Ad-Hoc|ARM = Ad-Hoc|ARM
		Ad-Hoc|iPhone = Ad-Hoc|iPhone
		Ad-Hoc|iPhoneSimulator = Ad-Hoc|iPhoneSimulator
		Ad-Hoc|x64 = Ad-Hoc|x64
		Ad-Hoc|x86 = Ad-Hoc|x86
		AppStore|Any CPU = AppStore|Any CPU
		AppStore|ARM = AppStore|ARM
		AppStore|iPhone = AppStore|iPhone
		AppStore|iPhoneSimulator = AppStore|iPhoneSimulator
		AppStore|x64 = AppStore|x64
		AppStore|x86 = AppStore|x86
		Debug|Any CPU = Debug|Any CPU
		Debug|ARM = Debug|ARM
		Debug|iPhone = Debug|iPhone
		Debug|iPhoneSimulator = Debug|iPhoneSimulator
		Debug|x64 = Debug|x64
		Debug|x86 = Debug|x86
		Release|Any CPU = Release|Any CPU
		Release|ARM = Release|ARM
		Release|iPhone = Release|iPhone
		Release|iPhoneSimulator = Release|iPhoneSimulator
		Release|x64 = Release|x64
		Release|x86 = Release|x86
	EndGlobalSection
	GlobalSection(ProjectConfigurationPlatforms) = postSolution
		{E5E3269E-2AD8-44BB-B0D3-60FB252A539A}.Ad-Hoc|Any CPU.ActiveCfg = Debug|Any CPU
		{E5E3269E-2AD8-44BB-B0D3-60FB252A539A}.Ad-Hoc|Any CPU.Build.0 = Debug|Any CPU
		{E5E3269E-2AD8-44BB-B0D3-60FB252A539A}.Ad-Hoc|ARM.ActiveCfg = Debug|Any CPU
		{E5E3269E-2AD8-44BB-B0D3-60FB252A539A}.Ad-Hoc|ARM.Build.0 = Debug|Any CPU
		{E5E3269E-2AD8-44BB-B0D3-60FB252A539A}.Ad-Hoc|iPhone.ActiveCfg = Debug|Any CPU
		{E5E3269E-2AD8-44BB-B0D3-60FB252A539A}.Ad-Hoc|iPhone.Build.0 = Debug|Any CPU
		{E5E3269E-2AD8-44BB-B0D3-60FB252A539A}.Ad-Hoc|iPhoneSimulator.ActiveCfg = Debug|Any CPU
		{E5E3269E-2AD8-44BB-B0D3-60FB252A539A}.Ad-Hoc|iPhoneSimulator.Build.0 = Debug|Any CPU
		{E5E3269E-2AD8-44BB-B0D3-60FB252A539A}.Ad-Hoc|x64.ActiveCfg = Debug|Any CPU
		{E5E3269E-2AD8-44BB-B0D3-60FB252A539A}.Ad-Hoc|x64.Build.0 = Debug|Any CPU
		{E5E3269E-2AD8-44BB-B0D3-60FB252A539A}.Ad-Hoc|x86.ActiveCfg = Debug|Any CPU
		{E5E3269E-2AD8-44BB-B0D3-60FB252A539A}.Ad-Hoc|x86.Build.0 = Debug|Any CPU
		{E5E3269E-2AD8-44BB-B0D3-60FB252A539A}.AppStore|Any CPU.ActiveCfg = Debug|Any CPU
		{E5E3269E-2AD8-44BB-B0D3-60FB252A539A}.AppStore|Any CPU.Build.0 = Debug|Any CPU
		{E5E3269E-2AD8-44BB-B0D3-60FB252A539A}.AppStore|ARM.ActiveCfg = Debug|Any CPU
		{E5E3269E-2AD8-44BB-B0D3-60FB252A539A}.AppStore|ARM.Build.0 = Debug|Any CPU
		{E5E3269E-2AD8-44BB-B0D3-60FB252A539A}.AppStore|iPhone.ActiveCfg = Debug|Any CPU
		{E5E3269E-2AD8-44BB-B0D3-60FB252A539A}.AppStore|iPhone.Build.0 = Debug|Any CPU
		{E5E3269E-2AD8-44BB-B0D3-60FB252A539A}.AppStore|iPhoneSimulator.ActiveCfg = Debug|Any CPU
		{E5E3269E-2AD8-44BB-B0D3-60FB252A539A}.AppStore|iPhoneSimulator.Build.0 = Debug|Any CPU
		{E5E3269E-2AD8-44BB-B0D3-60FB252A539A}.AppStore|x64.ActiveCfg = Debug|Any CPU
		{E5E3269E-2AD8-44BB-B0D3-60FB252A539A}.AppStore|x64.Build.0 = Debug|Any CPU
		{E5E3269E-2AD8-44BB-B0D3-60FB252A539A}.AppStore|x86.ActiveCfg = Debug|Any CPU
		{E5E3269E-2AD8-44BB-B0D3-60FB252A539A}.AppStore|x86.Build.0 = Debug|Any CPU
		{E5E3269E-2AD8-44BB-B0D3-60FB252A539A}.Debug|Any CPU.ActiveCfg = Debug|Any CPU
		{E5E3269E-2AD8-44BB-B0D3-60FB252A539A}.Debug|Any CPU.Build.0 = Debug|Any CPU
		{E5E3269E-2AD8-44BB-B0D3-60FB252A539A}.Debug|ARM.ActiveCfg = Debug|Any CPU
		{E5E3269E-2AD8-44BB-B0D3-60FB252A539A}.Debug|ARM.Build.0 = Debug|Any CPU
		{E5E3269E-2AD8-44BB-B0D3-60FB252A539A}.Debug|iPhone.ActiveCfg = Debug|Any CPU
		{E5E3269E-2AD8-44BB-B0D3-60FB252A539A}.Debug|iPhone.Build.0 = Debug|Any CPU
		{E5E3269E-2AD8-44BB-B0D3-60FB252A539A}.Debug|iPhoneSimulator.ActiveCfg = Debug|Any CPU
		{E5E3269E-2AD8-44BB-B0D3-60FB252A539A}.Debug|iPhoneSimulator.Build.0 = Debug|Any CPU
		{E5E3269E-2AD8-44BB-B0D3-60FB252A539A}.Debug|x64.ActiveCfg = Debug|Any CPU
		{E5E3269E-2AD8-44BB-B0D3-60FB252A539A}.Debug|x64.Build.0 = Debug|Any CPU
		{E5E3269E-2AD8-44BB-B0D3-60FB252A539A}.Debug|x86.ActiveCfg = Debug|Any CPU
		{E5E3269E-2AD8-44BB-B0D3-60FB252A539A}.Debug|x86.Build.0 = Debug|Any CPU
		{E5E3269E-2AD8-44BB-B0D3-60FB252A539A}.Release|Any CPU.ActiveCfg = Release|Any CPU
		{E5E3269E-2AD8-44BB-B0D3-60FB252A539A}.Release|Any CPU.Build.0 = Release|Any CPU
		{E5E3269E-2AD8-44BB-B0D3-60FB252A539A}.Release|ARM.ActiveCfg = Release|Any CPU
		{E5E3269E-2AD8-44BB-B0D3-60FB252A539A}.Release|ARM.Build.0 = Release|Any CPU
		{E5E3269E-2AD8-44BB-B0D3-60FB252A539A}.Release|iPhone.ActiveCfg = Release|Any CPU
		{E5E3269E-2AD8-44BB-B0D3-60FB252A539A}.Release|iPhone.Build.0 = Release|Any CPU
		{E5E3269E-2AD8-44BB-B0D3-60FB252A539A}.Release|iPhoneSimulator.ActiveCfg = Release|Any CPU
		{E5E3269E-2AD8-44BB-B0D3-60FB252A539A}.Release|iPhoneSimulator.Build.0 = Release|Any CPU
		{E5E3269E-2AD8-44BB-B0D3-60FB252A539A}.Release|x64.ActiveCfg = Release|Any CPU
		{E5E3269E-2AD8-44BB-B0D3-60FB252A539A}.Release|x64.Build.0 = Release|Any CPU
		{E5E3269E-2AD8-44BB-B0D3-60FB252A539A}.Release|x86.ActiveCfg = Release|Any CPU
		{E5E3269E-2AD8-44BB-B0D3-60FB252A539A}.Release|x86.Build.0 = Release|Any CPU
		{7D640787-61F5-4286-8D67-4D219CE7877C}.Ad-Hoc|Any CPU.ActiveCfg = Debug|Any CPU
		{7D640787-61F5-4286-8D67-4D219CE7877C}.Ad-Hoc|Any CPU.Build.0 = Debug|Any CPU
		{7D640787-61F5-4286-8D67-4D219CE7877C}.Ad-Hoc|ARM.ActiveCfg = Debug|Any CPU
		{7D640787-61F5-4286-8D67-4D219CE7877C}.Ad-Hoc|ARM.Build.0 = Debug|Any CPU
		{7D640787-61F5-4286-8D67-4D219CE7877C}.Ad-Hoc|iPhone.ActiveCfg = Debug|Any CPU
		{7D640787-61F5-4286-8D67-4D219CE7877C}.Ad-Hoc|iPhone.Build.0 = Debug|Any CPU
		{7D640787-61F5-4286-8D67-4D219CE7877C}.Ad-Hoc|iPhoneSimulator.ActiveCfg = Debug|Any CPU
		{7D640787-61F5-4286-8D67-4D219CE7877C}.Ad-Hoc|iPhoneSimulator.Build.0 = Debug|Any CPU
		{7D640787-61F5-4286-8D67-4D219CE7877C}.Ad-Hoc|x64.ActiveCfg = Debug|Any CPU
		{7D640787-61F5-4286-8D67-4D219CE7877C}.Ad-Hoc|x64.Build.0 = Debug|Any CPU
		{7D640787-61F5-4286-8D67-4D219CE7877C}.Ad-Hoc|x86.ActiveCfg = Debug|Any CPU
		{7D640787-61F5-4286-8D67-4D219CE7877C}.Ad-Hoc|x86.Build.0 = Debug|Any CPU
		{7D640787-61F5-4286-8D67-4D219CE7877C}.AppStore|Any CPU.ActiveCfg = Debug|Any CPU
		{7D640787-61F5-4286-8D67-4D219CE7877C}.AppStore|Any CPU.Build.0 = Debug|Any CPU
		{7D640787-61F5-4286-8D67-4D219CE7877C}.AppStore|ARM.ActiveCfg = Debug|Any CPU
		{7D640787-61F5-4286-8D67-4D219CE7877C}.AppStore|ARM.Build.0 = Debug|Any CPU
		{7D640787-61F5-4286-8D67-4D219CE7877C}.AppStore|iPhone.ActiveCfg = Debug|Any CPU
		{7D640787-61F5-4286-8D67-4D219CE7877C}.AppStore|iPhone.Build.0 = Debug|Any CPU
		{7D640787-61F5-4286-8D67-4D219CE7877C}.AppStore|iPhoneSimulator.ActiveCfg = Debug|Any CPU
		{7D640787-61F5-4286-8D67-4D219CE7877C}.AppStore|iPhoneSimulator.Build.0 = Debug|Any CPU
		{7D640787-61F5-4286-8D67-4D219CE7877C}.AppStore|x64.ActiveCfg = Debug|Any CPU
		{7D640787-61F5-4286-8D67-4D219CE7877C}.AppStore|x64.Build.0 = Debug|Any CPU
		{7D640787-61F5-4286-8D67-4D219CE7877C}.AppStore|x86.ActiveCfg = Debug|Any CPU
		{7D640787-61F5-4286-8D67-4D219CE7877C}.AppStore|x86.Build.0 = Debug|Any CPU
		{7D640787-61F5-4286-8D67-4D219CE7877C}.Debug|Any CPU.ActiveCfg = Debug|Any CPU
		{7D640787-61F5-4286-8D67-4D219CE7877C}.Debug|Any CPU.Build.0 = Debug|Any CPU
		{7D640787-61F5-4286-8D67-4D219CE7877C}.Debug|ARM.ActiveCfg = Debug|Any CPU
		{7D640787-61F5-4286-8D67-4D219CE7877C}.Debug|ARM.Build.0 = Debug|Any CPU
		{7D640787-61F5-4286-8D67-4D219CE7877C}.Debug|iPhone.ActiveCfg = Debug|Any CPU
		{7D640787-61F5-4286-8D67-4D219CE7877C}.Debug|iPhone.Build.0 = Debug|Any CPU
		{7D640787-61F5-4286-8D67-4D219CE7877C}.Debug|iPhoneSimulator.ActiveCfg = Debug|Any CPU
		{7D640787-61F5-4286-8D67-4D219CE7877C}.Debug|iPhoneSimulator.Build.0 = Debug|Any CPU
		{7D640787-61F5-4286-8D67-4D219CE7877C}.Debug|x64.ActiveCfg = Debug|Any CPU
		{7D640787-61F5-4286-8D67-4D219CE7877C}.Debug|x64.Build.0 = Debug|Any CPU
		{7D640787-61F5-4286-8D67-4D219CE7877C}.Debug|x86.ActiveCfg = Debug|Any CPU
		{7D640787-61F5-4286-8D67-4D219CE7877C}.Debug|x86.Build.0 = Debug|Any CPU
		{7D640787-61F5-4286-8D67-4D219CE7877C}.Release|Any CPU.ActiveCfg = Release|Any CPU
		{7D640787-61F5-4286-8D67-4D219CE7877C}.Release|Any CPU.Build.0 = Release|Any CPU
		{7D640787-61F5-4286-8D67-4D219CE7877C}.Release|ARM.ActiveCfg = Release|Any CPU
		{7D640787-61F5-4286-8D67-4D219CE7877C}.Release|ARM.Build.0 = Release|Any CPU
		{7D640787-61F5-4286-8D67-4D219CE7877C}.Release|iPhone.ActiveCfg = Release|Any CPU
		{7D640787-61F5-4286-8D67-4D219CE7877C}.Release|iPhone.Build.0 = Release|Any CPU
		{7D640787-61F5-4286-8D67-4D219CE7877C}.Release|iPhoneSimulator.ActiveCfg = Release|Any CPU
		{7D640787-61F5-4286-8D67-4D219CE7877C}.Release|iPhoneSimulator.Build.0 = Release|Any CPU
		{7D640787-61F5-4286-8D67-4D219CE7877C}.Release|x64.ActiveCfg = Release|Any CPU
		{7D640787-61F5-4286-8D67-4D219CE7877C}.Release|x64.Build.0 = Release|Any CPU
		{7D640787-61F5-4286-8D67-4D219CE7877C}.Release|x86.ActiveCfg = Release|Any CPU
		{7D640787-61F5-4286-8D67-4D219CE7877C}.Release|x86.Build.0 = Release|Any CPU
		{66B11348-B99C-4898-AAAD-1A82574395FE}.Ad-Hoc|Any CPU.ActiveCfg = Release|Any CPU
		{66B11348-B99C-4898-AAAD-1A82574395FE}.Ad-Hoc|Any CPU.Build.0 = Release|Any CPU
		{66B11348-B99C-4898-AAAD-1A82574395FE}.Ad-Hoc|Any CPU.Deploy.0 = Release|Any CPU
		{66B11348-B99C-4898-AAAD-1A82574395FE}.Ad-Hoc|ARM.ActiveCfg = Release|Any CPU
		{66B11348-B99C-4898-AAAD-1A82574395FE}.Ad-Hoc|ARM.Build.0 = Release|Any CPU
		{66B11348-B99C-4898-AAAD-1A82574395FE}.Ad-Hoc|ARM.Deploy.0 = Release|Any CPU
		{66B11348-B99C-4898-AAAD-1A82574395FE}.Ad-Hoc|iPhone.ActiveCfg = Release|Any CPU
		{66B11348-B99C-4898-AAAD-1A82574395FE}.Ad-Hoc|iPhone.Build.0 = Release|Any CPU
		{66B11348-B99C-4898-AAAD-1A82574395FE}.Ad-Hoc|iPhone.Deploy.0 = Release|Any CPU
		{66B11348-B99C-4898-AAAD-1A82574395FE}.Ad-Hoc|iPhoneSimulator.ActiveCfg = Release|Any CPU
		{66B11348-B99C-4898-AAAD-1A82574395FE}.Ad-Hoc|iPhoneSimulator.Build.0 = Release|Any CPU
		{66B11348-B99C-4898-AAAD-1A82574395FE}.Ad-Hoc|iPhoneSimulator.Deploy.0 = Release|Any CPU
		{66B11348-B99C-4898-AAAD-1A82574395FE}.Ad-Hoc|x64.ActiveCfg = Release|Any CPU
		{66B11348-B99C-4898-AAAD-1A82574395FE}.Ad-Hoc|x64.Build.0 = Release|Any CPU
		{66B11348-B99C-4898-AAAD-1A82574395FE}.Ad-Hoc|x64.Deploy.0 = Release|Any CPU
		{66B11348-B99C-4898-AAAD-1A82574395FE}.Ad-Hoc|x86.ActiveCfg = Release|Any CPU
		{66B11348-B99C-4898-AAAD-1A82574395FE}.Ad-Hoc|x86.Build.0 = Release|Any CPU
		{66B11348-B99C-4898-AAAD-1A82574395FE}.Ad-Hoc|x86.Deploy.0 = Release|Any CPU
		{66B11348-B99C-4898-AAAD-1A82574395FE}.AppStore|Any CPU.ActiveCfg = Release|Any CPU
		{66B11348-B99C-4898-AAAD-1A82574395FE}.AppStore|Any CPU.Build.0 = Release|Any CPU
		{66B11348-B99C-4898-AAAD-1A82574395FE}.AppStore|Any CPU.Deploy.0 = Release|Any CPU
		{66B11348-B99C-4898-AAAD-1A82574395FE}.AppStore|ARM.ActiveCfg = Release|Any CPU
		{66B11348-B99C-4898-AAAD-1A82574395FE}.AppStore|ARM.Build.0 = Release|Any CPU
		{66B11348-B99C-4898-AAAD-1A82574395FE}.AppStore|ARM.Deploy.0 = Release|Any CPU
		{66B11348-B99C-4898-AAAD-1A82574395FE}.AppStore|iPhone.ActiveCfg = Release|Any CPU
		{66B11348-B99C-4898-AAAD-1A82574395FE}.AppStore|iPhone.Build.0 = Release|Any CPU
		{66B11348-B99C-4898-AAAD-1A82574395FE}.AppStore|iPhone.Deploy.0 = Release|Any CPU
		{66B11348-B99C-4898-AAAD-1A82574395FE}.AppStore|iPhoneSimulator.ActiveCfg = Release|Any CPU
		{66B11348-B99C-4898-AAAD-1A82574395FE}.AppStore|iPhoneSimulator.Build.0 = Release|Any CPU
		{66B11348-B99C-4898-AAAD-1A82574395FE}.AppStore|iPhoneSimulator.Deploy.0 = Release|Any CPU
		{66B11348-B99C-4898-AAAD-1A82574395FE}.AppStore|x64.ActiveCfg = Release|Any CPU
		{66B11348-B99C-4898-AAAD-1A82574395FE}.AppStore|x64.Build.0 = Release|Any CPU
		{66B11348-B99C-4898-AAAD-1A82574395FE}.AppStore|x64.Deploy.0 = Release|Any CPU
		{66B11348-B99C-4898-AAAD-1A82574395FE}.AppStore|x86.ActiveCfg = Release|Any CPU
		{66B11348-B99C-4898-AAAD-1A82574395FE}.AppStore|x86.Build.0 = Release|Any CPU
		{66B11348-B99C-4898-AAAD-1A82574395FE}.AppStore|x86.Deploy.0 = Release|Any CPU
		{66B11348-B99C-4898-AAAD-1A82574395FE}.Debug|Any CPU.ActiveCfg = Debug|Any CPU
		{66B11348-B99C-4898-AAAD-1A82574395FE}.Debug|Any CPU.Build.0 = Debug|Any CPU
		{66B11348-B99C-4898-AAAD-1A82574395FE}.Debug|Any CPU.Deploy.0 = Debug|Any CPU
		{66B11348-B99C-4898-AAAD-1A82574395FE}.Debug|ARM.ActiveCfg = Debug|Any CPU
		{66B11348-B99C-4898-AAAD-1A82574395FE}.Debug|ARM.Build.0 = Debug|Any CPU
		{66B11348-B99C-4898-AAAD-1A82574395FE}.Debug|ARM.Deploy.0 = Debug|Any CPU
		{66B11348-B99C-4898-AAAD-1A82574395FE}.Debug|iPhone.ActiveCfg = Debug|Any CPU
		{66B11348-B99C-4898-AAAD-1A82574395FE}.Debug|iPhone.Build.0 = Debug|Any CPU
		{66B11348-B99C-4898-AAAD-1A82574395FE}.Debug|iPhone.Deploy.0 = Debug|Any CPU
		{66B11348-B99C-4898-AAAD-1A82574395FE}.Debug|iPhoneSimulator.ActiveCfg = Debug|Any CPU
		{66B11348-B99C-4898-AAAD-1A82574395FE}.Debug|iPhoneSimulator.Build.0 = Debug|Any CPU
		{66B11348-B99C-4898-AAAD-1A82574395FE}.Debug|iPhoneSimulator.Deploy.0 = Debug|Any CPU
		{66B11348-B99C-4898-AAAD-1A82574395FE}.Debug|x64.ActiveCfg = Debug|Any CPU
		{66B11348-B99C-4898-AAAD-1A82574395FE}.Debug|x64.Build.0 = Debug|Any CPU
		{66B11348-B99C-4898-AAAD-1A82574395FE}.Debug|x64.Deploy.0 = Debug|Any CPU
		{66B11348-B99C-4898-AAAD-1A82574395FE}.Debug|x86.ActiveCfg = Debug|Any CPU
		{66B11348-B99C-4898-AAAD-1A82574395FE}.Debug|x86.Build.0 = Debug|Any CPU
		{66B11348-B99C-4898-AAAD-1A82574395FE}.Debug|x86.Deploy.0 = Debug|Any CPU
		{66B11348-B99C-4898-AAAD-1A82574395FE}.Release|Any CPU.ActiveCfg = Release|Any CPU
		{66B11348-B99C-4898-AAAD-1A82574395FE}.Release|Any CPU.Build.0 = Release|Any CPU
		{66B11348-B99C-4898-AAAD-1A82574395FE}.Release|Any CPU.Deploy.0 = Release|Any CPU
		{66B11348-B99C-4898-AAAD-1A82574395FE}.Release|ARM.ActiveCfg = Release|Any CPU
		{66B11348-B99C-4898-AAAD-1A82574395FE}.Release|ARM.Build.0 = Release|Any CPU
		{66B11348-B99C-4898-AAAD-1A82574395FE}.Release|ARM.Deploy.0 = Release|Any CPU
		{66B11348-B99C-4898-AAAD-1A82574395FE}.Release|iPhone.ActiveCfg = Release|Any CPU
		{66B11348-B99C-4898-AAAD-1A82574395FE}.Release|iPhone.Build.0 = Release|Any CPU
		{66B11348-B99C-4898-AAAD-1A82574395FE}.Release|iPhone.Deploy.0 = Release|Any CPU
		{66B11348-B99C-4898-AAAD-1A82574395FE}.Release|iPhoneSimulator.ActiveCfg = Release|Any CPU
		{66B11348-B99C-4898-AAAD-1A82574395FE}.Release|iPhoneSimulator.Build.0 = Release|Any CPU
		{66B11348-B99C-4898-AAAD-1A82574395FE}.Release|iPhoneSimulator.Deploy.0 = Release|Any CPU
		{66B11348-B99C-4898-AAAD-1A82574395FE}.Release|x64.ActiveCfg = Release|Any CPU
		{66B11348-B99C-4898-AAAD-1A82574395FE}.Release|x64.Build.0 = Release|Any CPU
		{66B11348-B99C-4898-AAAD-1A82574395FE}.Release|x64.Deploy.0 = Release|Any CPU
		{66B11348-B99C-4898-AAAD-1A82574395FE}.Release|x86.ActiveCfg = Release|Any CPU
		{66B11348-B99C-4898-AAAD-1A82574395FE}.Release|x86.Build.0 = Release|Any CPU
		{66B11348-B99C-4898-AAAD-1A82574395FE}.Release|x86.Deploy.0 = Release|Any CPU
		{E716738F-17F6-4C5D-B132-B147BC2C2111}.Ad-Hoc|Any CPU.ActiveCfg = Ad-Hoc|iPhone
		{E716738F-17F6-4C5D-B132-B147BC2C2111}.Ad-Hoc|ARM.ActiveCfg = Ad-Hoc|iPhone
		{E716738F-17F6-4C5D-B132-B147BC2C2111}.Ad-Hoc|iPhone.ActiveCfg = Ad-Hoc|iPhone
		{E716738F-17F6-4C5D-B132-B147BC2C2111}.Ad-Hoc|iPhone.Build.0 = Ad-Hoc|iPhone
		{E716738F-17F6-4C5D-B132-B147BC2C2111}.Ad-Hoc|iPhoneSimulator.ActiveCfg = Ad-Hoc|iPhoneSimulator
		{E716738F-17F6-4C5D-B132-B147BC2C2111}.Ad-Hoc|iPhoneSimulator.Build.0 = Ad-Hoc|iPhoneSimulator
		{E716738F-17F6-4C5D-B132-B147BC2C2111}.Ad-Hoc|x64.ActiveCfg = Ad-Hoc|iPhone
		{E716738F-17F6-4C5D-B132-B147BC2C2111}.Ad-Hoc|x86.ActiveCfg = Ad-Hoc|iPhone
		{E716738F-17F6-4C5D-B132-B147BC2C2111}.AppStore|Any CPU.ActiveCfg = AppStore|iPhone
		{E716738F-17F6-4C5D-B132-B147BC2C2111}.AppStore|ARM.ActiveCfg = AppStore|iPhone
		{E716738F-17F6-4C5D-B132-B147BC2C2111}.AppStore|iPhone.ActiveCfg = AppStore|iPhone
		{E716738F-17F6-4C5D-B132-B147BC2C2111}.AppStore|iPhone.Build.0 = AppStore|iPhone
		{E716738F-17F6-4C5D-B132-B147BC2C2111}.AppStore|iPhoneSimulator.ActiveCfg = AppStore|iPhoneSimulator
		{E716738F-17F6-4C5D-B132-B147BC2C2111}.AppStore|iPhoneSimulator.Build.0 = AppStore|iPhoneSimulator
		{E716738F-17F6-4C5D-B132-B147BC2C2111}.AppStore|x64.ActiveCfg = AppStore|iPhone
		{E716738F-17F6-4C5D-B132-B147BC2C2111}.AppStore|x86.ActiveCfg = AppStore|iPhone
		{E716738F-17F6-4C5D-B132-B147BC2C2111}.Debug|Any CPU.ActiveCfg = Debug|iPhone
		{E716738F-17F6-4C5D-B132-B147BC2C2111}.Debug|ARM.ActiveCfg = Debug|iPhone
		{E716738F-17F6-4C5D-B132-B147BC2C2111}.Debug|iPhone.ActiveCfg = Debug|iPhone
		{E716738F-17F6-4C5D-B132-B147BC2C2111}.Debug|iPhone.Build.0 = Debug|iPhone
		{E716738F-17F6-4C5D-B132-B147BC2C2111}.Debug|iPhoneSimulator.ActiveCfg = Debug|iPhoneSimulator
		{E716738F-17F6-4C5D-B132-B147BC2C2111}.Debug|iPhoneSimulator.Build.0 = Debug|iPhoneSimulator
		{E716738F-17F6-4C5D-B132-B147BC2C2111}.Debug|x64.ActiveCfg = Debug|iPhone
		{E716738F-17F6-4C5D-B132-B147BC2C2111}.Debug|x86.ActiveCfg = Debug|iPhone
		{E716738F-17F6-4C5D-B132-B147BC2C2111}.Release|Any CPU.ActiveCfg = Release|iPhone
		{E716738F-17F6-4C5D-B132-B147BC2C2111}.Release|ARM.ActiveCfg = Release|iPhone
		{E716738F-17F6-4C5D-B132-B147BC2C2111}.Release|iPhone.ActiveCfg = Release|iPhone
		{E716738F-17F6-4C5D-B132-B147BC2C2111}.Release|iPhone.Build.0 = Release|iPhone
		{E716738F-17F6-4C5D-B132-B147BC2C2111}.Release|iPhoneSimulator.ActiveCfg = Release|iPhoneSimulator
		{E716738F-17F6-4C5D-B132-B147BC2C2111}.Release|iPhoneSimulator.Build.0 = Release|iPhoneSimulator
		{E716738F-17F6-4C5D-B132-B147BC2C2111}.Release|x64.ActiveCfg = Release|iPhone
		{E716738F-17F6-4C5D-B132-B147BC2C2111}.Release|x86.ActiveCfg = Release|iPhone
		{357F86B6-6796-4030-B8F2-F0AB09CD0B8E}.Ad-Hoc|Any CPU.ActiveCfg = Release|x86
		{357F86B6-6796-4030-B8F2-F0AB09CD0B8E}.Ad-Hoc|Any CPU.Build.0 = Release|x86
		{357F86B6-6796-4030-B8F2-F0AB09CD0B8E}.Ad-Hoc|Any CPU.Deploy.0 = Release|x86
		{357F86B6-6796-4030-B8F2-F0AB09CD0B8E}.Ad-Hoc|ARM.ActiveCfg = Release|ARM
		{357F86B6-6796-4030-B8F2-F0AB09CD0B8E}.Ad-Hoc|ARM.Build.0 = Release|ARM
		{357F86B6-6796-4030-B8F2-F0AB09CD0B8E}.Ad-Hoc|ARM.Deploy.0 = Release|ARM
		{357F86B6-6796-4030-B8F2-F0AB09CD0B8E}.Ad-Hoc|iPhone.ActiveCfg = Release|x86
		{357F86B6-6796-4030-B8F2-F0AB09CD0B8E}.Ad-Hoc|iPhone.Build.0 = Release|x86
		{357F86B6-6796-4030-B8F2-F0AB09CD0B8E}.Ad-Hoc|iPhone.Deploy.0 = Release|x86
		{357F86B6-6796-4030-B8F2-F0AB09CD0B8E}.Ad-Hoc|iPhoneSimulator.ActiveCfg = Release|x86
		{357F86B6-6796-4030-B8F2-F0AB09CD0B8E}.Ad-Hoc|iPhoneSimulator.Build.0 = Release|x86
		{357F86B6-6796-4030-B8F2-F0AB09CD0B8E}.Ad-Hoc|iPhoneSimulator.Deploy.0 = Release|x86
		{357F86B6-6796-4030-B8F2-F0AB09CD0B8E}.Ad-Hoc|x64.ActiveCfg = Release|x64
		{357F86B6-6796-4030-B8F2-F0AB09CD0B8E}.Ad-Hoc|x64.Build.0 = Release|x64
		{357F86B6-6796-4030-B8F2-F0AB09CD0B8E}.Ad-Hoc|x64.Deploy.0 = Release|x64
		{357F86B6-6796-4030-B8F2-F0AB09CD0B8E}.Ad-Hoc|x86.ActiveCfg = Release|x86
		{357F86B6-6796-4030-B8F2-F0AB09CD0B8E}.Ad-Hoc|x86.Build.0 = Release|x86
		{357F86B6-6796-4030-B8F2-F0AB09CD0B8E}.Ad-Hoc|x86.Deploy.0 = Release|x86
		{357F86B6-6796-4030-B8F2-F0AB09CD0B8E}.AppStore|Any CPU.ActiveCfg = Release|x86
		{357F86B6-6796-4030-B8F2-F0AB09CD0B8E}.AppStore|Any CPU.Build.0 = Release|x86
		{357F86B6-6796-4030-B8F2-F0AB09CD0B8E}.AppStore|Any CPU.Deploy.0 = Release|x86
		{357F86B6-6796-4030-B8F2-F0AB09CD0B8E}.AppStore|ARM.ActiveCfg = Release|ARM
		{357F86B6-6796-4030-B8F2-F0AB09CD0B8E}.AppStore|ARM.Build.0 = Release|ARM
		{357F86B6-6796-4030-B8F2-F0AB09CD0B8E}.AppStore|ARM.Deploy.0 = Release|ARM
		{357F86B6-6796-4030-B8F2-F0AB09CD0B8E}.AppStore|iPhone.ActiveCfg = Release|x86
		{357F86B6-6796-4030-B8F2-F0AB09CD0B8E}.AppStore|iPhone.Build.0 = Release|x86
		{357F86B6-6796-4030-B8F2-F0AB09CD0B8E}.AppStore|iPhone.Deploy.0 = Release|x86
		{357F86B6-6796-4030-B8F2-F0AB09CD0B8E}.AppStore|iPhoneSimulator.ActiveCfg = Release|x86
		{357F86B6-6796-4030-B8F2-F0AB09CD0B8E}.AppStore|iPhoneSimulator.Build.0 = Release|x86
		{357F86B6-6796-4030-B8F2-F0AB09CD0B8E}.AppStore|iPhoneSimulator.Deploy.0 = Release|x86
		{357F86B6-6796-4030-B8F2-F0AB09CD0B8E}.AppStore|x64.ActiveCfg = Release|x64
		{357F86B6-6796-4030-B8F2-F0AB09CD0B8E}.AppStore|x64.Build.0 = Release|x64
		{357F86B6-6796-4030-B8F2-F0AB09CD0B8E}.AppStore|x64.Deploy.0 = Release|x64
		{357F86B6-6796-4030-B8F2-F0AB09CD0B8E}.AppStore|x86.ActiveCfg = Release|x86
		{357F86B6-6796-4030-B8F2-F0AB09CD0B8E}.AppStore|x86.Build.0 = Release|x86
		{357F86B6-6796-4030-B8F2-F0AB09CD0B8E}.AppStore|x86.Deploy.0 = Release|x86
		{357F86B6-6796-4030-B8F2-F0AB09CD0B8E}.Debug|Any CPU.ActiveCfg = Debug|x86
		{357F86B6-6796-4030-B8F2-F0AB09CD0B8E}.Debug|ARM.ActiveCfg = Debug|ARM
		{357F86B6-6796-4030-B8F2-F0AB09CD0B8E}.Debug|ARM.Build.0 = Debug|ARM
		{357F86B6-6796-4030-B8F2-F0AB09CD0B8E}.Debug|ARM.Deploy.0 = Debug|ARM
		{357F86B6-6796-4030-B8F2-F0AB09CD0B8E}.Debug|iPhone.ActiveCfg = Debug|x86
		{357F86B6-6796-4030-B8F2-F0AB09CD0B8E}.Debug|iPhoneSimulator.ActiveCfg = Debug|x86
		{357F86B6-6796-4030-B8F2-F0AB09CD0B8E}.Debug|x64.ActiveCfg = Debug|x64
		{357F86B6-6796-4030-B8F2-F0AB09CD0B8E}.Debug|x64.Build.0 = Debug|x64
		{357F86B6-6796-4030-B8F2-F0AB09CD0B8E}.Debug|x64.Deploy.0 = Debug|x64
		{357F86B6-6796-4030-B8F2-F0AB09CD0B8E}.Debug|x86.ActiveCfg = Debug|x86
		{357F86B6-6796-4030-B8F2-F0AB09CD0B8E}.Debug|x86.Build.0 = Debug|x86
		{357F86B6-6796-4030-B8F2-F0AB09CD0B8E}.Debug|x86.Deploy.0 = Debug|x86
		{357F86B6-6796-4030-B8F2-F0AB09CD0B8E}.Release|Any CPU.ActiveCfg = Release|x86
		{357F86B6-6796-4030-B8F2-F0AB09CD0B8E}.Release|ARM.ActiveCfg = Release|ARM
		{357F86B6-6796-4030-B8F2-F0AB09CD0B8E}.Release|ARM.Build.0 = Release|ARM
		{357F86B6-6796-4030-B8F2-F0AB09CD0B8E}.Release|ARM.Deploy.0 = Release|ARM
		{357F86B6-6796-4030-B8F2-F0AB09CD0B8E}.Release|iPhone.ActiveCfg = Release|x86
		{357F86B6-6796-4030-B8F2-F0AB09CD0B8E}.Release|iPhoneSimulator.ActiveCfg = Release|x86
		{357F86B6-6796-4030-B8F2-F0AB09CD0B8E}.Release|x64.ActiveCfg = Release|x64
		{357F86B6-6796-4030-B8F2-F0AB09CD0B8E}.Release|x64.Build.0 = Release|x64
		{357F86B6-6796-4030-B8F2-F0AB09CD0B8E}.Release|x64.Deploy.0 = Release|x64
		{357F86B6-6796-4030-B8F2-F0AB09CD0B8E}.Release|x86.ActiveCfg = Release|x86
		{357F86B6-6796-4030-B8F2-F0AB09CD0B8E}.Release|x86.Build.0 = Release|x86
		{357F86B6-6796-4030-B8F2-F0AB09CD0B8E}.Release|x86.Deploy.0 = Release|x86
		{29F69F41-97A9-47B4-80F3-23FD96784618}.Ad-Hoc|Any CPU.ActiveCfg = Debug|Any CPU
		{29F69F41-97A9-47B4-80F3-23FD96784618}.Ad-Hoc|Any CPU.Build.0 = Debug|Any CPU
		{29F69F41-97A9-47B4-80F3-23FD96784618}.Ad-Hoc|ARM.ActiveCfg = Debug|Any CPU
		{29F69F41-97A9-47B4-80F3-23FD96784618}.Ad-Hoc|ARM.Build.0 = Debug|Any CPU
		{29F69F41-97A9-47B4-80F3-23FD96784618}.Ad-Hoc|iPhone.ActiveCfg = Debug|Any CPU
		{29F69F41-97A9-47B4-80F3-23FD96784618}.Ad-Hoc|iPhone.Build.0 = Debug|Any CPU
		{29F69F41-97A9-47B4-80F3-23FD96784618}.Ad-Hoc|iPhoneSimulator.ActiveCfg = Debug|Any CPU
		{29F69F41-97A9-47B4-80F3-23FD96784618}.Ad-Hoc|iPhoneSimulator.Build.0 = Debug|Any CPU
		{29F69F41-97A9-47B4-80F3-23FD96784618}.Ad-Hoc|x64.ActiveCfg = Debug|Any CPU
		{29F69F41-97A9-47B4-80F3-23FD96784618}.Ad-Hoc|x64.Build.0 = Debug|Any CPU
		{29F69F41-97A9-47B4-80F3-23FD96784618}.Ad-Hoc|x86.ActiveCfg = Debug|Any CPU
		{29F69F41-97A9-47B4-80F3-23FD96784618}.Ad-Hoc|x86.Build.0 = Debug|Any CPU
		{29F69F41-97A9-47B4-80F3-23FD96784618}.AppStore|Any CPU.ActiveCfg = Debug|Any CPU
		{29F69F41-97A9-47B4-80F3-23FD96784618}.AppStore|Any CPU.Build.0 = Debug|Any CPU
		{29F69F41-97A9-47B4-80F3-23FD96784618}.AppStore|ARM.ActiveCfg = Debug|Any CPU
		{29F69F41-97A9-47B4-80F3-23FD96784618}.AppStore|ARM.Build.0 = Debug|Any CPU
		{29F69F41-97A9-47B4-80F3-23FD96784618}.AppStore|iPhone.ActiveCfg = Debug|Any CPU
		{29F69F41-97A9-47B4-80F3-23FD96784618}.AppStore|iPhone.Build.0 = Debug|Any CPU
		{29F69F41-97A9-47B4-80F3-23FD96784618}.AppStore|iPhoneSimulator.ActiveCfg = Debug|Any CPU
		{29F69F41-97A9-47B4-80F3-23FD96784618}.AppStore|iPhoneSimulator.Build.0 = Debug|Any CPU
		{29F69F41-97A9-47B4-80F3-23FD96784618}.AppStore|x64.ActiveCfg = Debug|Any CPU
		{29F69F41-97A9-47B4-80F3-23FD96784618}.AppStore|x64.Build.0 = Debug|Any CPU
		{29F69F41-97A9-47B4-80F3-23FD96784618}.AppStore|x86.ActiveCfg = Debug|Any CPU
		{29F69F41-97A9-47B4-80F3-23FD96784618}.AppStore|x86.Build.0 = Debug|Any CPU
		{29F69F41-97A9-47B4-80F3-23FD96784618}.Debug|Any CPU.ActiveCfg = Debug|Any CPU
		{29F69F41-97A9-47B4-80F3-23FD96784618}.Debug|Any CPU.Build.0 = Debug|Any CPU
		{29F69F41-97A9-47B4-80F3-23FD96784618}.Debug|ARM.ActiveCfg = Debug|Any CPU
		{29F69F41-97A9-47B4-80F3-23FD96784618}.Debug|ARM.Build.0 = Debug|Any CPU
		{29F69F41-97A9-47B4-80F3-23FD96784618}.Debug|iPhone.ActiveCfg = Debug|Any CPU
		{29F69F41-97A9-47B4-80F3-23FD96784618}.Debug|iPhone.Build.0 = Debug|Any CPU
		{29F69F41-97A9-47B4-80F3-23FD96784618}.Debug|iPhoneSimulator.ActiveCfg = Debug|Any CPU
		{29F69F41-97A9-47B4-80F3-23FD96784618}.Debug|iPhoneSimulator.Build.0 = Debug|Any CPU
		{29F69F41-97A9-47B4-80F3-23FD96784618}.Debug|x64.ActiveCfg = Debug|Any CPU
		{29F69F41-97A9-47B4-80F3-23FD96784618}.Debug|x64.Build.0 = Debug|Any CPU
		{29F69F41-97A9-47B4-80F3-23FD96784618}.Debug|x86.ActiveCfg = Debug|Any CPU
		{29F69F41-97A9-47B4-80F3-23FD96784618}.Debug|x86.Build.0 = Debug|Any CPU
		{29F69F41-97A9-47B4-80F3-23FD96784618}.Release|Any CPU.ActiveCfg = Release|Any CPU
		{29F69F41-97A9-47B4-80F3-23FD96784618}.Release|Any CPU.Build.0 = Release|Any CPU
		{29F69F41-97A9-47B4-80F3-23FD96784618}.Release|ARM.ActiveCfg = Release|Any CPU
		{29F69F41-97A9-47B4-80F3-23FD96784618}.Release|ARM.Build.0 = Release|Any CPU
		{29F69F41-97A9-47B4-80F3-23FD96784618}.Release|iPhone.ActiveCfg = Release|Any CPU
		{29F69F41-97A9-47B4-80F3-23FD96784618}.Release|iPhone.Build.0 = Release|Any CPU
		{29F69F41-97A9-47B4-80F3-23FD96784618}.Release|iPhoneSimulator.ActiveCfg = Release|Any CPU
		{29F69F41-97A9-47B4-80F3-23FD96784618}.Release|iPhoneSimulator.Build.0 = Release|Any CPU
		{29F69F41-97A9-47B4-80F3-23FD96784618}.Release|x64.ActiveCfg = Release|Any CPU
		{29F69F41-97A9-47B4-80F3-23FD96784618}.Release|x64.Build.0 = Release|Any CPU
		{29F69F41-97A9-47B4-80F3-23FD96784618}.Release|x86.ActiveCfg = Release|Any CPU
		{29F69F41-97A9-47B4-80F3-23FD96784618}.Release|x86.Build.0 = Release|Any CPU
	EndGlobalSection
	GlobalSection(SolutionProperties) = preSolution
		HideSolutionNode = FALSE
	EndGlobalSection
	GlobalSection(NestedProjects) = preSolution
		{7D640787-61F5-4286-8D67-4D219CE7877C} = {E401FECC-0B8D-41AE-AF12-7969DF75789A}
		{66B11348-B99C-4898-AAAD-1A82574395FE} = {FD678DFD-0AC4-408F-9E0B-B1F577C5015E}
		{E716738F-17F6-4C5D-B132-B147BC2C2111} = {FD678DFD-0AC4-408F-9E0B-B1F577C5015E}
		{357F86B6-6796-4030-B8F2-F0AB09CD0B8E} = {FD678DFD-0AC4-408F-9E0B-B1F577C5015E}
		{29F69F41-97A9-47B4-80F3-23FD96784618} = {FD678DFD-0AC4-408F-9E0B-B1F577C5015E}
	EndGlobalSection
	GlobalSection(ExtensibilityGlobals) = postSolution
		SolutionGuid = {3D0785B6-6802-4B79-9DD2-D49BF4E8813C}
	EndGlobalSection
EndGlobal
